// !$*UTF8*$!
{
	archiveVersion = 1;
	classes = {
	};
	objectVersion = 55;
	objects = {

/* Begin PBXBuildFile section */
		C613C35D276FC2BE0098EF1A /* main.cpp in Sources */ = {isa = PBXBuildFile; fileRef = C613C35C276FC2BE0098EF1A /* main.cpp */; };
		C613C364276FC3E20098EF1A /* Estudiante.cpp in Sources */ = {isa = PBXBuildFile; fileRef = C613C363276FC3E20098EF1A /* Estudiante.cpp */; };
		C613C367276FC6970098EF1A /* Estudiante_Universitario.cpp in Sources */ = {isa = PBXBuildFile; fileRef = C613C366276FC6970098EF1A /* Estudiante_Universitario.cpp */; };
		C613C36A276FCB520098EF1A /* Estudiante_Universitario_Postgrado.cpp in Sources */ = {isa = PBXBuildFile; fileRef = C613C369276FCB520098EF1A /* Estudiante_Universitario_Postgrado.cpp */; };
/* End PBXBuildFile section */

/* Begin PBXCopyFilesBuildPhase section */
		C613C357276FC2BE0098EF1A /* CopyFiles */ = {
			isa = PBXCopyFilesBuildPhase;
			buildActionMask = 2147483647;
			dstPath = /usr/share/man/man1/;
			dstSubfolderSpec = 0;
			files = (
			);
			runOnlyForDeploymentPostprocessing = 1;
		};
/* End PBXCopyFilesBuildPhase section */

/* Begin PBXFileReference section */
		C613C359276FC2BE0098EF1A /* REPASO_EXAMEN_FINAL */ = {isa = PBXFileReference; explicitFileType = "compiled.mach-o.executable"; includeInIndex = 0; path = REPASO_EXAMEN_FINAL; sourceTree = BUILT_PRODUCTS_DIR; };
		C613C35C276FC2BE0098EF1A /* main.cpp */ = {isa = PBXFileReference; lastKnownFileType = sourcecode.cpp.cpp; path = main.cpp; sourceTree = "<group>"; };
		C613C363276FC3E20098EF1A /* Estudiante.cpp */ = {isa = PBXFileReference; lastKnownFileType = sourcecode.cpp.cpp; path = Estudiante.cpp; sourceTree = "<group>"; };
		C613C365276FC3ED0098EF1A /* Estudiante.h */ = {isa = PBXFileReference; lastKnownFileType = sourcecode.c.h; path = Estudiante.h; sourceTree = "<group>"; };
		C613C366276FC6970098EF1A /* Estudiante_Universitario.cpp */ = {isa = PBXFileReference; lastKnownFileType = sourcecode.cpp.cpp; path = Estudiante_Universitario.cpp; sourceTree = "<group>"; };
		C613C368276FC6A60098EF1A /* Estudiante_Universitario.h */ = {isa = PBXFileReference; lastKnownFileType = sourcecode.c.h; path = Estudiante_Universitario.h; sourceTree = "<group>"; };
		C613C369276FCB520098EF1A /* Estudiante_Universitario_Postgrado.cpp */ = {isa = PBXFileReference; lastKnownFileType = sourcecode.cpp.cpp; path = Estudiante_Universitario_Postgrado.cpp; sourceTree = "<group>"; };
		C613C36B276FCB6E0098EF1A /* Estudiante_Universitario_Postgrado.h */ = {isa = PBXFileReference; lastKnownFileType = sourcecode.c.h; path = Estudiante_Universitario_Postgrado.h; sourceTree = "<group>"; };
/* End PBXFileReference section */

/* Begin PBXFrameworksBuildPhase section */
		C613C356276FC2BE0098EF1A /* Frameworks */ = {
			isa = PBXFrameworksBuildPhase;
			buildActionMask = 2147483647;
			files = (
			);
			runOnlyForDeploymentPostprocessing = 0;
		};
/* End PBXFrameworksBuildPhase section */

/* Begin PBXGroup section */
		C613C350276FC2BE0098EF1A = {
			isa = PBXGroup;
			children = (
				C613C35B276FC2BE0098EF1A /* REPASO_EXAMEN_FINAL */,
				C613C35A276FC2BE0098EF1A /* Products */,
			);
			sourceTree = "<group>";
		};
		C613C35A276FC2BE0098EF1A /* Products */ = {
			isa = PBXGroup;
			children = (
				C613C359276FC2BE0098EF1A /* REPASO_EXAMEN_FINAL */,
			);
			name = Products;
			sourceTree = "<group>";
		};
		C613C35B276FC2BE0098EF1A /* REPASO_EXAMEN_FINAL */ = {
			isa = PBXGroup;
			children = (
				C613C35C276FC2BE0098EF1A /* main.cpp */,
				C613C363276FC3E20098EF1A /* Estudiante.cpp */,
				C613C365276FC3ED0098EF1A /* Estudiante.h */,
				C613C366276FC6970098EF1A /* Estudiante_Universitario.cpp */,
				C613C368276FC6A60098EF1A /* Estudiante_Universitario.h */,
				C613C369276FCB520098EF1A /* Estudiante_Universitario_Postgrado.cpp */,
				C613C36B276FCB6E0098EF1A /* Estudiante_Universitario_Postgrado.h */,
			);
			path = REPASO_EXAMEN_FINAL;
			sourceTree = "<group>";
		};
/* End PBXGroup section */

/* Begin PBXNativeTarget section */
		C613C358276FC2BE0098EF1A /* REPASO_EXAMEN_FINAL */ = {
			isa = PBXNativeTarget;
			buildConfigurationList = C613C360276FC2BE0098EF1A /* Build configuration list for PBXNativeTarget "REPASO_EXAMEN_FINAL" */;
			buildPhases = (
				C613C355276FC2BE0098EF1A /* Sources */,
				C613C356276FC2BE0098EF1A /* Frameworks */,
				C613C357276FC2BE0098EF1A /* CopyFiles */,
			);
			buildRules = (
			);
			dependencies = (
			);
			name = REPASO_EXAMEN_FINAL;
			productName = REPASO_EXAMEN_FINAL;
			productReference = C613C359276FC2BE0098EF1A /* REPASO_EXAMEN_FINAL */;
			productType = "com.apple.product-type.tool";
		};
/* End PBXNativeTarget section */

/* Begin PBXProject section */
		C613C351276FC2BE0098EF1A /* Project object */ = {
			isa = PBXProject;
			attributes = {
				BuildIndependentTargetsInParallel = 1;
				LastUpgradeCheck = 1310;
				TargetAttributes = {
					C613C358276FC2BE0098EF1A = {
						CreatedOnToolsVersion = 13.1;
					};
				};
			};
			buildConfigurationList = C613C354276FC2BE0098EF1A /* Build configuration list for PBXProject "REPASO_EXAMEN_FINAL" */;
			compatibilityVersion = "Xcode 13.0";
			developmentRegion = en;
			hasScannedForEncodings = 0;
			knownRegions = (
				en,
				Base,
			);
			mainGroup = C613C350276FC2BE0098EF1A;
			productRefGroup = C613C35A276FC2BE0098EF1A /* Products */;
			projectDirPath = "";
			projectRoot = "";
			targets = (
				C613C358276FC2BE0098EF1A /* REPASO_EXAMEN_FINAL */,
			);
		};
/* End PBXProject section */

/* Begin PBXSourcesBuildPhase section */
		C613C355276FC2BE0098EF1A /* Sources */ = {
			isa = PBXSourcesBuildPhase;
			buildActionMask = 2147483647;
			files = (
				C613C35D276FC2BE0098EF1A /* main.cpp in Sources */,
				C613C364276FC3E20098EF1A /* Estudiante.cpp in Sources */,
				C613C36A276FCB520098EF1A /* Estudiante_Universitario_Postgrado.cpp in Sources */,
				C613C367276FC6970098EF1A /* Estudiante_Universitario.cpp in Sources */,
			);
			runOnlyForDeploymentPostprocessing = 0;
		};
/* End PBXSourcesBuildPhase section */

/* Begin XCBuildConfiguration section */
		C613C35E276FC2BE0098EF1A /* Debug */ = {
			isa = XCBuildConfiguration;
			buildSettings = {
				ALWAYS_SEARCH_USER_PATHS = NO;
				CLANG_ANALYZER_NONNULL = YES;
				CLANG_ANALYZER_NUMBER_OBJECT_CONVERSION = YES_AGGRESSIVE;
				CLANG_CXX_LANGUAGE_STANDARD = "gnu++17";
				CLANG_CXX_LIBRARY = "libc++";
				CLANG_ENABLE_MODULES = YES;
				CLANG_ENABLE_OBJC_ARC = YES;
				CLANG_ENABLE_OBJC_WEAK = YES;
				CLANG_WARN_BLOCK_CAPTURE_AUTORELEASING = YES;
				CLANG_WARN_BOOL_CONVERSION = YES;
				CLANG_WARN_COMMA = YES;
				CLANG_WARN_CONSTANT_CONVERSION = YES;
				CLANG_WARN_DEPRECATED_OBJC_IMPLEMENTATIONS = YES;
				CLANG_WARN_DIRECT_OBJC_ISA_USAGE = YES_ERROR;
				CLANG_WARN_DOCUMENTATION_COMMENTS = YES;
				CLANG_WARN_EMPTY_BODY = YES;
				CLANG_WARN_ENUM_CONVERSION = YES;
				CLANG_WARN_INFINITE_RECURSION = YES;
				CLANG_WARN_INT_CONVERSION = YES;
				CLANG_WARN_NON_LITERAL_NULL_CONVERSION = YES;
				CLANG_WARN_OBJC_IMPLICIT_RETAIN_SELF = YES;
				CLANG_WARN_OBJC_LITERAL_CONVERSION = YES;
				CLANG_WARN_OBJC_ROOT_CLASS = YES_ERROR;
				CLANG_WARN_QUOTED_INCLUDE_IN_FRAMEWORK_HEADER = YES;
				CLANG_WARN_RANGE_LOOP_ANALYSIS = YES;
				CLANG_WARN_STRICT_PROTOTYPES = YES;
				CLANG_WARN_SUSPICIOUS_MOVE = YES;
				CLANG_WARN_UNGUARDED_AVAILABILITY = YES_AGGRESSIVE;
				CLANG_WARN_UNREACHABLE_CODE = YES;
				CLANG_WARN__DUPLICATE_METHOD_MATCH = YES;
				COPY_PHASE_STRIP = NO;
				DEBUG_INFORMATION_FORMAT = dwarf;
				ENABLE_STRICT_OBJC_MSGSEND = YES;
				ENABLE_TESTABILITY = YES;
				GCC_C_LANGUAGE_STANDARD = gnu11;
				GCC_DYNAMIC_NO_PIC = NO;
				GCC_NO_COMMON_BLOCKS = YES;
				GCC_OPTIMIZATION_LEVEL = 0;
				GCC_PREPROCESSOR_DEFINITIONS = (
					"DEBUG=1",
					"$(inherited)",
				);
				GCC_WARN_64_TO_32_BIT_CONVERSION = YES;
				GCC_WARN_ABOUT_RETURN_TYPE = YES_ERROR;
				GCC_WARN_UNDECLARED_SELECTOR = YES;
				GCC_WARN_UNINITIALIZED_AUTOS = YES_AGGRESSIVE;
				GCC_WARN_UNUSED_FUNCTION = YES;
				GCC_WARN_UNUSED_VARIABLE = YES;
				MACOSX_DEPLOYMENT_TARGET = 12.0;
				MTL_ENABLE_DEBUG_INFO = INCLUDE_SOURCE;
				MTL_FAST_MATH = YES;
				ONLY_ACTIVE_ARCH = YES;
				SDKROOT = macosx;
			};
			name = Debug;
		};
		C613C35F276FC2BE0098EF1A /* Release */ = {
			isa = XCBuildConfiguration;
			buildSettings = {
				ALWAYS_SEARCH_USER_PATHS = NO;
				CLANG_ANALYZER_NONNULL = YES;
				CLANG_ANALYZER_NUMBER_OBJECT_CONVERSION = YES_AGGRESSIVE;
				CLANG_CXX_LANGUAGE_STANDARD = "gnu++17";
				CLANG_CXX_LIBRARY = "libc++";
				CLANG_ENABLE_MODULES = YES;
				CLANG_ENABLE_OBJC_ARC = YES;
				CLANG_ENABLE_OBJC_WEAK = YES;
				CLANG_WARN_BLOCK_CAPTURE_AUTORELEASING = YES;
				CLANG_WARN_BOOL_CONVERSION = YES;
				CLANG_WARN_COMMA = YES;
				CLANG_WARN_CONSTANT_CONVERSION = YES;
				CLANG_WARN_DEPRECATED_OBJC_IMPLEMENTATIONS = YES;
				CLANG_WARN_DIRECT_OBJC_ISA_USAGE = YES_ERROR;
				CLANG_WARN_DOCUMENTATION_COMMENTS = YES;
				CLANG_WARN_EMPTY_BODY = YES;
				CLANG_WARN_ENUM_CONVERSION = YES;
				CLANG_WARN_INFINITE_RECURSION = YES;
				CLANG_WARN_INT_CONVERSION = YES;
				CLANG_WARN_NON_LITERAL_NULL_CONVERSION = YES;
				CLANG_WARN_OBJC_IMPLICIT_RETAIN_SELF = YES;
				CLANG_WARN_OBJC_LITERAL_CONVERSION = YES;
				CLANG_WARN_OBJC_ROOT_CLASS = YES_ERROR;
				CLANG_WARN_QUOTED_INCLUDE_IN_FRAMEWORK_HEADER = YES;
				CLANG_WARN_RANGE_LOOP_ANALYSIS = YES;
				CLANG_WARN_STRICT_PROTOTYPES = YES;
				CLANG_WARN_SUSPICIOUS_MOVE = YES;
				CLANG_WARN_UNGUARDED_AVAILABILITY = YES_AGGRESSIVE;
				CLANG_WARN_UNREACHABLE_CODE = YES;
				CLANG_WARN__DUPLICATE_METHOD_MATCH = YES;
				COPY_PHASE_STRIP = NO;
				DEBUG_INFORMATION_FORMAT = "dwarf-with-dsym";
				ENABLE_NS_ASSERTIONS = NO;
				ENABLE_STRICT_OBJC_MSGSEND = YES;
				GCC_C_LANGUAGE_STANDARD = gnu11;
				GCC_NO_COMMON_BLOCKS = YES;
				GCC_WARN_64_TO_32_BIT_CONVERSION = YES;
				GCC_WARN_ABOUT_RETURN_TYPE = YES_ERROR;
				GCC_WARN_UNDECLARED_SELECTOR = YES;
				GCC_WARN_UNINITIALIZED_AUTOS = YES_AGGRESSIVE;
				GCC_WARN_UNUSED_FUNCTION = YES;
				GCC_WARN_UNUSED_VARIABLE = YES;
				MACOSX_DEPLOYMENT_TARGET = 12.0;
				MTL_ENABLE_DEBUG_INFO = NO;
				MTL_FAST_MATH = YES;
				SDKROOT = macosx;
			};
			name = Release;
		};
		C613C361276FC2BE0098EF1A /* Debug */ = {
			isa = XCBuildConfiguration;
			buildSettings = {
				CODE_SIGN_STYLE = Automatic;
				DEVELOPMENT_TEAM = Y87YCKNY73;
				ENABLE_HARDENED_RUNTIME = YES;
				PRODUCT_NAME = "$(TARGET_NAME)";
			};
			name = Debug;
		};
		C613C362276FC2BE0098EF1A /* Release */ = {
			isa = XCBuildConfiguration;
			buildSettings = {
				CODE_SIGN_STYLE = Automatic;
				DEVELOPMENT_TEAM = Y87YCKNY73;
				ENABLE_HARDENED_RUNTIME = YES;
				PRODUCT_NAME = "$(TARGET_NAME)";
			};
			name = Release;
		};
/* End XCBuildConfiguration section */

/* Begin XCConfigurationList section */
		C613C354276FC2BE0098EF1A /* Build configuration list for PBXProject "REPASO_EXAMEN_FINAL" */ = {
			isa = XCConfigurationList;
			buildConfigurations = (
				C613C35E276FC2BE0098EF1A /* Debug */,
				C613C35F276FC2BE0098EF1A /* Release */,
			);
			defaultConfigurationIsVisible = 0;
			defaultConfigurationName = Release;
		};
		C613C360276FC2BE0098EF1A /* Build configuration list for PBXNativeTarget "REPASO_EXAMEN_FINAL" */ = {
			isa = XCConfigurationList;
			buildConfigurations = (
				C613C361276FC2BE0098EF1A /* Debug */,
				C613C362276FC2BE0098EF1A /* Release */,
			);
			defaultConfigurationIsVisible = 0;
			defaultConfigurationName = Release;
		};
/* End XCConfigurationList section */
	};
	rootObject = C613C351276FC2BE0098EF1A /* Project object */;
}
